{
  "name": "cognito-auth-example",
  "version": "1.0.0",
  "lockfileVersion": 3,
  "requires": true,
  "packages": {
    "": {
      "name": "cognito-auth-example",
      "version": "1.0.0",
      "license": "ISC",
      "dependencies": {
        "lru-cache": "^8.0.4"
      },
      "devDependencies": {}
    },
    "node_modules/lru-cache": {
      "version": "8.0.4",
      "resolved": "https://registry.npmjs.org/lru-cache/-/lru-cache-8.0.4.tgz",
      "integrity": "sha512-E9FF6+Oc/uFLqZCuZwRKUzgFt5Raih6LfxknOSAVTjNkrCZkBf7DQCwJxZQgd9l4eHjIJDGR+E+1QKD1RhThPw==",
      "engines": {
        "node": ">=16.14"
      }
    }
  }
}
